
Microsoft Visual Studio Solution File, Format Version 12.00
# Visual Studio 14
VisualStudioVersion = 14.0.25420.1
MinimumVisualStudioVersion = 10.0.40219.1
Project("{FAE04EC0-301F-11D3-BF4B-00C04F79EFBC}") = "Sample", "Sample\Sample.csproj", "{28E1E3B1-CA15-4871-BC75-100267594B07}"
EndProject
Project("{FAE04EC0-301F-11D3-BF4B-00C04F79EFBC}") = "SampleSpecs", "SampleSpecs\SampleSpecs.csproj", "{6D9119B3-DBAA-48E0-AF5C-06DC5C813399}"
EndProject
Project("{FAE04EC0-301F-11D3-BF4B-00C04F79EFBC}") = "SampleTests", "SampleTests\SampleTests.csproj", "{71BE86A2-B4D1-4F33-B089-FB6962CC4E2E}"
EndProject
Global
	GlobalSection(SolutionConfigurationPlatforms) = preSolution
		Debug|Any CPU = Debug|Any CPU
		Release|Any CPU = Release|Any CPU
	EndGlobalSection
	GlobalSection(ProjectConfigurationPlatforms) = postSolution
		{28E1E3B1-CA15-4871-BC75-100267594B07}.Debug|Any CPU.ActiveCfg = Debug|Any CPU
		{28E1E3B1-CA15-4871-BC75-100267594B07}.Debug|Any CPU.Build.0 = Debug|Any CPU
		{28E1E3B1-CA15-4871-BC75-100267594B07}.Release|Any CPU.ActiveCfg = Release|Any CPU
		{28E1E3B1-CA15-4871-BC75-100267594B07}.Release|Any CPU.Build.0 = Release|Any CPU
		{6D9119B3-DBAA-48E0-AF5C-06DC5C813399}.Debug|Any CPU.ActiveCfg = Debug|Any CPU
		{6D9119B3-DBAA-48E0-AF5C-06DC5C813399}.Debug|Any CPU.Build.0 = Debug|Any CPU
		{6D9119B3-DBAA-48E0-AF5C-06DC5C813399}.Release|Any CPU.ActiveCfg = Release|Any CPU
		{6D9119B3-DBAA-48E0-AF5C-06DC5C813399}.Release|Any CPU.Build.0 = Release|Any CPU
		{71BE86A2-B4D1-4F33-B089-FB6962CC4E2E}.Debug|Any CPU.ActiveCfg = Debug|Any CPU
		{71BE86A2-B4D1-4F33-B089-FB6962CC4E2E}.Debug|Any CPU.Build.0 = Debug|Any CPU
		{71BE86A2-B4D1-4F33-B089-FB6962CC4E2E}.Release|Any CPU.ActiveCfg = Release|Any CPU
		{71BE86A2-B4D1-4F33-B089-FB6962CC4E2E}.Release|Any CPU.Build.0 = Release|Any CPU
	EndGlobalSection
	GlobalSection(SolutionProperties) = preSolution
		HideSolutionNode = FALSE
	EndGlobalSection
EndGlobal
